
Microsoft Visual Studio Solution File, Format Version 12.00
# Visual Studio 15
VisualStudioVersion = 15.0.27703.2042
MinimumVisualStudioVersion = 10.0.40219.1
Project("{FAE04EC0-301F-11D3-BF4B-00C04F79EFBC}") = "STERLINGASSET", "STERLINGASSET\STERLINGASSET.csproj", "{29752F12-7F33-4D29-8F28-CF14892AAC27}"
EndProject
Project("{FAE04EC0-301F-11D3-BF4B-00C04F79EFBC}") = "STERLINGASSET.DATA", "STERLINGASSET.DATA\STERLINGASSET.DATA.csproj", "{34E001AE-018D-46B3-BB45-9E065C54A6B9}"
EndProject
Global
	GlobalSection(SolutionConfigurationPlatforms) = preSolution
		Debug|Any CPU = Debug|Any CPU
		Release|Any CPU = Release|Any CPU
	EndGlobalSection
	GlobalSection(ProjectConfigurationPlatforms) = postSolution
		{29752F12-7F33-4D29-8F28-CF14892AAC27}.Debug|Any CPU.ActiveCfg = Debug|Any CPU
		{29752F12-7F33-4D29-8F28-CF14892AAC27}.Debug|Any CPU.Build.0 = Debug|Any CPU
		{29752F12-7F33-4D29-8F28-CF14892AAC27}.Release|Any CPU.ActiveCfg = Release|Any CPU
		{29752F12-7F33-4D29-8F28-CF14892AAC27}.Release|Any CPU.Build.0 = Release|Any CPU
		{34E001AE-018D-46B3-BB45-9E065C54A6B9}.Debug|Any CPU.ActiveCfg = Debug|Any CPU
		{34E001AE-018D-46B3-BB45-9E065C54A6B9}.Debug|Any CPU.Build.0 = Debug|Any CPU
		{34E001AE-018D-46B3-BB45-9E065C54A6B9}.Release|Any CPU.ActiveCfg = Release|Any CPU
		{34E001AE-018D-46B3-BB45-9E065C54A6B9}.Release|Any CPU.Build.0 = Release|Any CPU
	EndGlobalSection
	GlobalSection(SolutionProperties) = preSolution
		HideSolutionNode = FALSE
	EndGlobalSection
	GlobalSection(ExtensibilityGlobals) = postSolution
		SolutionGuid = {D2D6DDAC-6F71-4F5F-8991-B555F959098A}
	EndGlobalSection
EndGlobal
